PODS:
  - Bolts (1.2.0):
    - Bolts/AppLinks (= 1.2.0)
    - Bolts/Tasks (= 1.2.0)
  - Bolts/AppLinks (1.2.0):
    - Bolts/Tasks
  - Bolts/Tasks (1.2.0)
  - Bond (3.9.0)
  - ConvenienceKit (0.1.0)
  - CTAssetsPickerController (3.0.0):
    - PureLayout (~> 2.0.0)
  - FBSDKCoreKit (4.4.0):
    - Bolts (~> 1.1)
    - FBSDKCoreKit/arc (= 4.4.0)
    - FBSDKCoreKit/no-arc (= 4.4.0)
  - FBSDKCoreKit/arc (4.4.0):
    - Bolts (~> 1.1)
  - FBSDKCoreKit/no-arc (4.4.0):
    - Bolts (~> 1.1)
    - FBSDKCoreKit/arc
  - FBSDKLoginKit (4.4.0):
    - FBSDKCoreKit
  - Mixpanel (2.8.2):
    - Mixpanel/Mixpanel (= 2.8.2)
  - Mixpanel/Mixpanel (2.8.2)
  - Parse (1.7.5):
    - Bolts/Tasks (>= 1.2.0)
  - ParseFacebookUtilsV4 (1.7.5):
    - Bolts/Tasks (>= 1.2.0)
    - FBSDKCoreKit (~> 4.0)
    - FBSDKLoginKit (~> 4.0)
    - Parse (~> 1.7.5)
  - ParseUI (1.1.4):
    - Parse (~> 1.7)
  - PureLayout (2.0.6)

DEPENDENCIES:
  - Bond
  - ConvenienceKit
  - CTAssetsPickerController (~> 3.0.0)
  - FBSDKCoreKit
  - Mixpanel
  - Parse
  - ParseFacebookUtilsV4
  - ParseUI

SPEC CHECKSUMS:
  Bolts: d176cb1e0012175589e389a9db49b85e27787576
  Bond: 994ccc56aebfe2707d7b5e76f6d665a5beefa45b
  ConvenienceKit: 083548558dedc22a586c1e1fbf3aa217728715af
  CTAssetsPickerController: 4f88e226f23fbe67b421cf8b9520ebfb03ab82ff
  FBSDKCoreKit: 75bdd75c980e811db218488d99dd93b7740f4474
  FBSDKLoginKit: 02a9254a4c132412fa03577b0d53e936d068a7fb
  Mixpanel: f4d71ac2a306e7cda6ad03d4a2be249a0fd7a967
  Parse: 7c0f115eff3e0cea3fac08d50bda47154edb8832
  ParseFacebookUtilsV4: 3107725c6f2b69e3a03afe9c3aff35d6ee3e9ba5
  ParseUI: d1228541b02a36a7354c8f47747f5f7a89cf1ff0
  PureLayout: f25f0bb904d5ccfe6e31da3cb869185259f02e0d

COCOAPODS: 0.37.2
